
Microsoft Visual Studio Solution File, Format Version 12.00
# Visual Studio Version 17
VisualStudioVersion = 17.14.36414.22 d17.14
MinimumVisualStudioVersion = 10.0.40219.1
Project("{FAE04EC0-301F-11D3-BF4B-00C04F79EFBC}") = "Topic 9 to 11 - assignment 1", "Topic 9 to 11 - assignment 1.csproj", "{B2F24EFD-17E2-4AE0-A35C-2116A4FD132C}"
EndProject
Global
	GlobalSection(SolutionConfigurationPlatforms) = preSolution
		Debug|Any CPU = Debug|Any CPU
		Release|Any CPU = Release|Any CPU
	EndGlobalSection
	GlobalSection(ProjectConfigurationPlatforms) = postSolution
		{B2F24EFD-17E2-4AE0-A35C-2116A4FD132C}.Debug|Any CPU.ActiveCfg = Debug|Any CPU
		{B2F24EFD-17E2-4AE0-A35C-2116A4FD132C}.Debug|Any CPU.Build.0 = Debug|Any CPU
		{B2F24EFD-17E2-4AE0-A35C-2116A4FD132C}.Release|Any CPU.ActiveCfg = Release|Any CPU
		{B2F24EFD-17E2-4AE0-A35C-2116A4FD132C}.Release|Any CPU.Build.0 = Release|Any CPU
	EndGlobalSection
	GlobalSection(SolutionProperties) = preSolution
		HideSolutionNode = FALSE
	EndGlobalSection
	GlobalSection(ExtensibilityGlobals) = postSolution
		SolutionGuid = {D0EE8C66-134B-490E-83FB-BC1B67075687}
	EndGlobalSection
EndGlobal
